
Microsoft Visual Studio Solution File, Format Version 12.00
# Visual Studio Version 16
VisualStudioVersion = 16.0.29519.181
MinimumVisualStudioVersion = 10.0.40219.1
Project("{9A19103F-16F7-4668-BE54-9A1E7A4F7556}") = "HxCore.Model", "HxCore.Model\HxCore.Model.csproj", "{A1B99B4A-5329-4FD8-A641-5E75921A33B1}"
EndProject
Project("{9A19103F-16F7-4668-BE54-9A1E7A4F7556}") = "HxCore.Common", "HxCore.Common\HxCore.Common.csproj", "{40B7A48C-1693-4EEB-B322-E61B2A3238B6}"
EndProject
Project("{9A19103F-16F7-4668-BE54-9A1E7A4F7556}") = "HxCore.Migrate", "HxCore.Migrate\HxCore.Migrate.csproj", "{554332A7-90CA-41A1-B172-AA79F414635F}"
EndProject
Project("{9A19103F-16F7-4668-BE54-9A1E7A4F7556}") = "HxCore.Repository", "HxCore.Repository\HxCore.Repository.csproj", "{81CE8B36-52B3-4BB6-83A8-6B8AC7325E95}"
EndProject
Project("{9A19103F-16F7-4668-BE54-9A1E7A4F7556}") = "HxCore.IRepository", "HxCore.IRepository\HxCore.IRepository.csproj", "{861C9721-7C6E-46B4-BEBA-860146E8621D}"
EndProject
Project("{9A19103F-16F7-4668-BE54-9A1E7A4F7556}") = "ConsoleTest", "ConsoleTest\ConsoleTest.csproj", "{DA9C5C3D-311F-40D8-B6C5-63E382AB83EC}"
EndProject
Project("{9A19103F-16F7-4668-BE54-9A1E7A4F7556}") = "HxCore.IServices", "HxCore.IServices\HxCore.IServices.csproj", "{F198BDD5-D70A-4034-88C9-C7547CD538ED}"
EndProject
Project("{9A19103F-16F7-4668-BE54-9A1E7A4F7556}") = "HxCore.Services", "HxCore.Services\HxCore.Services.csproj", "{257CC86D-4AA7-467B-8005-61E10BFA6D35}"
EndProject
Project("{9A19103F-16F7-4668-BE54-9A1E7A4F7556}") = "HxCore.Web", "HxCore.Web\HxCore.Web.csproj", "{64041B11-6F3B-4343-B141-B47FAEC69AD5}"
EndProject
Project("{9A19103F-16F7-4668-BE54-9A1E7A4F7556}") = "HxCore.Entity", "HxCore.Entity\HxCore.Entity.csproj", "{45F5EDD5-4307-4CB5-8E4F-95A1D5E92AFA}"
EndProject
Project("{2150E333-8FDC-42A3-9474-1A3956D46DE8}") = "Repository", "Repository", "{FA1CCCDD-D0C4-4BAC-A9CB-35FEDDCB7630}"
EndProject
Project("{2150E333-8FDC-42A3-9474-1A3956D46DE8}") = "Services", "Services", "{AFDB376C-0641-4C22-B255-6CC676C9CB8D}"
EndProject
Project("{2150E333-8FDC-42A3-9474-1A3956D46DE8}") = "Model", "Model", "{9A1B3A5B-DFFD-4658-BF6A-46B90600D350}"
EndProject
Global
	GlobalSection(SolutionConfigurationPlatforms) = preSolution
		Debug|Any CPU = Debug|Any CPU
		Release|Any CPU = Release|Any CPU
	EndGlobalSection
	GlobalSection(ProjectConfigurationPlatforms) = postSolution
		{A1B99B4A-5329-4FD8-A641-5E75921A33B1}.Debug|Any CPU.ActiveCfg = Debug|Any CPU
		{A1B99B4A-5329-4FD8-A641-5E75921A33B1}.Debug|Any CPU.Build.0 = Debug|Any CPU
		{A1B99B4A-5329-4FD8-A641-5E75921A33B1}.Release|Any CPU.ActiveCfg = Release|Any CPU
		{A1B99B4A-5329-4FD8-A641-5E75921A33B1}.Release|Any CPU.Build.0 = Release|Any CPU
		{40B7A48C-1693-4EEB-B322-E61B2A3238B6}.Debug|Any CPU.ActiveCfg = Debug|Any CPU
		{40B7A48C-1693-4EEB-B322-E61B2A3238B6}.Debug|Any CPU.Build.0 = Debug|Any CPU
		{40B7A48C-1693-4EEB-B322-E61B2A3238B6}.Release|Any CPU.ActiveCfg = Release|Any CPU
		{40B7A48C-1693-4EEB-B322-E61B2A3238B6}.Release|Any CPU.Build.0 = Release|Any CPU
		{554332A7-90CA-41A1-B172-AA79F414635F}.Debug|Any CPU.ActiveCfg = Debug|Any CPU
		{554332A7-90CA-41A1-B172-AA79F414635F}.Debug|Any CPU.Build.0 = Debug|Any CPU
		{554332A7-90CA-41A1-B172-AA79F414635F}.Release|Any CPU.ActiveCfg = Release|Any CPU
		{554332A7-90CA-41A1-B172-AA79F414635F}.Release|Any CPU.Build.0 = Release|Any CPU
		{81CE8B36-52B3-4BB6-83A8-6B8AC7325E95}.Debug|Any CPU.ActiveCfg = Debug|Any CPU
		{81CE8B36-52B3-4BB6-83A8-6B8AC7325E95}.Debug|Any CPU.Build.0 = Debug|Any CPU
		{81CE8B36-52B3-4BB6-83A8-6B8AC7325E95}.Release|Any CPU.ActiveCfg = Release|Any CPU
		{81CE8B36-52B3-4BB6-83A8-6B8AC7325E95}.Release|Any CPU.Build.0 = Release|Any CPU
		{861C9721-7C6E-46B4-BEBA-860146E8621D}.Debug|Any CPU.ActiveCfg = Debug|Any CPU
		{861C9721-7C6E-46B4-BEBA-860146E8621D}.Debug|Any CPU.Build.0 = Debug|Any CPU
		{861C9721-7C6E-46B4-BEBA-860146E8621D}.Release|Any CPU.ActiveCfg = Release|Any CPU
		{861C9721-7C6E-46B4-BEBA-860146E8621D}.Release|Any CPU.Build.0 = Release|Any CPU
		{DA9C5C3D-311F-40D8-B6C5-63E382AB83EC}.Debug|Any CPU.ActiveCfg = Debug|Any CPU
		{DA9C5C3D-311F-40D8-B6C5-63E382AB83EC}.Debug|Any CPU.Build.0 = Debug|Any CPU
		{DA9C5C3D-311F-40D8-B6C5-63E382AB83EC}.Release|Any CPU.ActiveCfg = Release|Any CPU
		{DA9C5C3D-311F-40D8-B6C5-63E382AB83EC}.Release|Any CPU.Build.0 = Release|Any CPU
		{F198BDD5-D70A-4034-88C9-C7547CD538ED}.Debug|Any CPU.ActiveCfg = Debug|Any CPU
		{F198BDD5-D70A-4034-88C9-C7547CD538ED}.Debug|Any CPU.Build.0 = Debug|Any CPU
		{F198BDD5-D70A-4034-88C9-C7547CD538ED}.Release|Any CPU.ActiveCfg = Release|Any CPU
		{F198BDD5-D70A-4034-88C9-C7547CD538ED}.Release|Any CPU.Build.0 = Release|Any CPU
		{257CC86D-4AA7-467B-8005-61E10BFA6D35}.Debug|Any CPU.ActiveCfg = Debug|Any CPU
		{257CC86D-4AA7-467B-8005-61E10BFA6D35}.Debug|Any CPU.Build.0 = Debug|Any CPU
		{257CC86D-4AA7-467B-8005-61E10BFA6D35}.Release|Any CPU.ActiveCfg = Release|Any CPU
		{257CC86D-4AA7-467B-8005-61E10BFA6D35}.Release|Any CPU.Build.0 = Release|Any CPU
		{64041B11-6F3B-4343-B141-B47FAEC69AD5}.Debug|Any CPU.ActiveCfg = Debug|Any CPU
		{64041B11-6F3B-4343-B141-B47FAEC69AD5}.Debug|Any CPU.Build.0 = Debug|Any CPU
		{64041B11-6F3B-4343-B141-B47FAEC69AD5}.Release|Any CPU.ActiveCfg = Release|Any CPU
		{64041B11-6F3B-4343-B141-B47FAEC69AD5}.Release|Any CPU.Build.0 = Release|Any CPU
		{45F5EDD5-4307-4CB5-8E4F-95A1D5E92AFA}.Debug|Any CPU.ActiveCfg = Debug|Any CPU
		{45F5EDD5-4307-4CB5-8E4F-95A1D5E92AFA}.Debug|Any CPU.Build.0 = Debug|Any CPU
		{45F5EDD5-4307-4CB5-8E4F-95A1D5E92AFA}.Release|Any CPU.ActiveCfg = Release|Any CPU
		{45F5EDD5-4307-4CB5-8E4F-95A1D5E92AFA}.Release|Any CPU.Build.0 = Release|Any CPU
	EndGlobalSection
	GlobalSection(SolutionProperties) = preSolution
		HideSolutionNode = FALSE
	EndGlobalSection
	GlobalSection(NestedProjects) = preSolution
		{A1B99B4A-5329-4FD8-A641-5E75921A33B1} = {9A1B3A5B-DFFD-4658-BF6A-46B90600D350}
		{554332A7-90CA-41A1-B172-AA79F414635F} = {9A1B3A5B-DFFD-4658-BF6A-46B90600D350}
		{81CE8B36-52B3-4BB6-83A8-6B8AC7325E95} = {FA1CCCDD-D0C4-4BAC-A9CB-35FEDDCB7630}
		{861C9721-7C6E-46B4-BEBA-860146E8621D} = {FA1CCCDD-D0C4-4BAC-A9CB-35FEDDCB7630}
		{F198BDD5-D70A-4034-88C9-C7547CD538ED} = {AFDB376C-0641-4C22-B255-6CC676C9CB8D}
		{257CC86D-4AA7-467B-8005-61E10BFA6D35} = {AFDB376C-0641-4C22-B255-6CC676C9CB8D}
		{45F5EDD5-4307-4CB5-8E4F-95A1D5E92AFA} = {9A1B3A5B-DFFD-4658-BF6A-46B90600D350}
	EndGlobalSection
	GlobalSection(ExtensibilityGlobals) = postSolution
		SolutionGuid = {DBD380DF-9DD8-4C3A-A47F-53E039EEB18C}
	EndGlobalSection
EndGlobal
